// !$*UTF8*$!
{
	archiveVersion = 1;
	classes = {
	};
	objectVersion = 50;
	objects = {

/* Begin PBXBuildFile section */
		FC314BEC25FBDE82004ABBA3 /* AppDelegate.swift in Sources */ = {isa = PBXBuildFile; fileRef = FC314BEB25FBDE82004ABBA3 /* AppDelegate.swift */; };
		FC314BEE25FBDE82004ABBA3 /* SceneDelegate.swift in Sources */ = {isa = PBXBuildFile; fileRef = FC314BED25FBDE82004ABBA3 /* SceneDelegate.swift */; };
		FC314BF025FBDE82004ABBA3 /* ViewController.swift in Sources */ = {isa = PBXBuildFile; fileRef = FC314BEF25FBDE82004ABBA3 /* ViewController.swift */; };
		FC314BF325FBDE82004ABBA3 /* Main.storyboard in Resources */ = {isa = PBXBuildFile; fileRef = FC314BF125FBDE82004ABBA3 /* Main.storyboard */; };
		FC314BF525FBDE86004ABBA3 /* Assets.xcassets in Resources */ = {isa = PBXBuildFile; fileRef = FC314BF425FBDE86004ABBA3 /* Assets.xcassets */; };
		FC314BF825FBDE86004ABBA3 /* LaunchScreen.storyboard in Resources */ = {isa = PBXBuildFile; fileRef = FC314BF625FBDE86004ABBA3 /* LaunchScreen.storyboard */; };
		FC314C0325FBDE87004ABBA3 /* MovieDBTests.swift in Sources */ = {isa = PBXBuildFile; fileRef = FC314C0225FBDE87004ABBA3 /* MovieDBTests.swift */; };
		FC314C0E25FBDE88004ABBA3 /* MovieDBUITests.swift in Sources */ = {isa = PBXBuildFile; fileRef = FC314C0D25FBDE88004ABBA3 /* MovieDBUITests.swift */; };
		FC314C2625FC4093004ABBA3 /* MoviewCVCell.swift in Sources */ = {isa = PBXBuildFile; fileRef = FC314C2425FC4093004ABBA3 /* MoviewCVCell.swift */; };
		FC314C2725FC4093004ABBA3 /* MoviewCVCell.xib in Resources */ = {isa = PBXBuildFile; fileRef = FC314C2525FC4093004ABBA3 /* MoviewCVCell.xib */; };
		FC314C3925FC6581004ABBA3 /* APIClient.swift in Sources */ = {isa = PBXBuildFile; fileRef = FC314C2D25FC6580004ABBA3 /* APIClient.swift */; };
		FC314C3A25FC6581004ABBA3 /* URLComponentExtensions.swift in Sources */ = {isa = PBXBuildFile; fileRef = FC314C2F25FC6580004ABBA3 /* URLComponentExtensions.swift */; };
		FC314C3B25FC6581004ABBA3 /* URLReuquestExtensions.swift in Sources */ = {isa = PBXBuildFile; fileRef = FC314C3025FC6580004ABBA3 /* URLReuquestExtensions.swift */; };
		FC314C3C25FC6581004ABBA3 /* URLSessionExtensions.swift in Sources */ = {isa = PBXBuildFile; fileRef = FC314C3125FC6580004ABBA3 /* URLSessionExtensions.swift */; };
		FC314C3D25FC6581004ABBA3 /* Service.swift in Sources */ = {isa = PBXBuildFile; fileRef = FC314C3325FC6580004ABBA3 /* Service.swift */; };
		FC314C3E25FC6581004ABBA3 /* URLSessionProtocol.swift in Sources */ = {isa = PBXBuildFile; fileRef = FC314C3425FC6580004ABBA3 /* URLSessionProtocol.swift */; };
		FC314C3F25FC6581004ABBA3 /* Typealias.swift in Sources */ = {isa = PBXBuildFile; fileRef = FC314C3625FC6580004ABBA3 /* Typealias.swift */; };
		FC314C4025FC6581004ABBA3 /* NetworkEnums.swift in Sources */ = {isa = PBXBuildFile; fileRef = FC314C3725FC6580004ABBA3 /* NetworkEnums.swift */; };
		FC314C4125FC6581004ABBA3 /* NetworkConstants.swift in Sources */ = {isa = PBXBuildFile; fileRef = FC314C3825FC6580004ABBA3 /* NetworkConstants.swift */; };
		FC314C4625FC66E3004ABBA3 /* NowPlayingAPI.swift in Sources */ = {isa = PBXBuildFile; fileRef = FC314C4525FC66E3004ABBA3 /* NowPlayingAPI.swift */; };
		FC314C4E25FC6733004ABBA3 /* Movie.swift in Sources */ = {isa = PBXBuildFile; fileRef = FC314C4B25FC6733004ABBA3 /* Movie.swift */; };
		FC314C5025FC6733004ABBA3 /* NowPlayingResponse.swift in Sources */ = {isa = PBXBuildFile; fileRef = FC314C4D25FC6733004ABBA3 /* NowPlayingResponse.swift */; };
		FC314C5A25FC67D9004ABBA3 /* DictionaryExtensions.swift in Sources */ = {isa = PBXBuildFile; fileRef = FC314C5825FC67D9004ABBA3 /* DictionaryExtensions.swift */; };
		FC314C6C25FC6CD8004ABBA3 /* NowPlayingViewModel.swift in Sources */ = {isa = PBXBuildFile; fileRef = FC314C6A25FC6CD8004ABBA3 /* NowPlayingViewModel.swift */; };
		FC314C7425FDFAA1004ABBA3 /* MovieDetailViewController.swift in Sources */ = {isa = PBXBuildFile; fileRef = FC314C7325FDFAA1004ABBA3 /* MovieDetailViewController.swift */; };
		FC314C8325FE77BA004ABBA3 /* LoaderCollectionReusableView.swift in Sources */ = {isa = PBXBuildFile; fileRef = FC314C8125FE77BA004ABBA3 /* LoaderCollectionReusableView.swift */; };
		FC314C8425FE77BA004ABBA3 /* LoaderCollectionReusableView.xib in Resources */ = {isa = PBXBuildFile; fileRef = FC314C8225FE77BA004ABBA3 /* LoaderCollectionReusableView.xib */; };
/* End PBXBuildFile section */

/* Begin PBXContainerItemProxy section */
		FC314BFF25FBDE87004ABBA3 /* PBXContainerItemProxy */ = {
			isa = PBXContainerItemProxy;
			containerPortal = FC314BE025FBDE80004ABBA3 /* Project object */;
			proxyType = 1;
			remoteGlobalIDString = FC314BE725FBDE81004ABBA3;
			remoteInfo = MovieDB;
		};
		FC314C0A25FBDE88004ABBA3 /* PBXContainerItemProxy */ = {
			isa = PBXContainerItemProxy;
			containerPortal = FC314BE025FBDE80004ABBA3 /* Project object */;
			proxyType = 1;
			remoteGlobalIDString = FC314BE725FBDE81004ABBA3;
			remoteInfo = MovieDB;
		};
/* End PBXContainerItemProxy section */

/* Begin PBXFileReference section */
		FC314BE825FBDE81004ABBA3 /* MovieDB.app */ = {isa = PBXFileReference; explicitFileType = wrapper.application; includeInIndex = 0; path = MovieDB.app; sourceTree = BUILT_PRODUCTS_DIR; };
		FC314BEB25FBDE82004ABBA3 /* AppDelegate.swift */ = {isa = PBXFileReference; lastKnownFileType = sourcecode.swift; path = AppDelegate.swift; sourceTree = "<group>"; };
		FC314BED25FBDE82004ABBA3 /* SceneDelegate.swift */ = {isa = PBXFileReference; lastKnownFileType = sourcecode.swift; path = SceneDelegate.swift; sourceTree = "<group>"; };
		FC314BEF25FBDE82004ABBA3 /* ViewController.swift */ = {isa = PBXFileReference; lastKnownFileType = sourcecode.swift; path = ViewController.swift; sourceTree = "<group>"; };
		FC314BF225FBDE82004ABBA3 /* Base */ = {isa = PBXFileReference; lastKnownFileType = file.storyboard; name = Base; path = Base.lproj/Main.storyboard; sourceTree = "<group>"; };
		FC314BF425FBDE86004ABBA3 /* Assets.xcassets */ = {isa = PBXFileReference; lastKnownFileType = folder.assetcatalog; path = Assets.xcassets; sourceTree = "<group>"; };
		FC314BF725FBDE86004ABBA3 /* Base */ = {isa = PBXFileReference; lastKnownFileType = file.storyboard; name = Base; path = Base.lproj/LaunchScreen.storyboard; sourceTree = "<group>"; };
		FC314BF925FBDE86004ABBA3 /* Info.plist */ = {isa = PBXFileReference; lastKnownFileType = text.plist.xml; path = Info.plist; sourceTree = "<group>"; };
		FC314BFE25FBDE87004ABBA3 /* MovieDBTests.xctest */ = {isa = PBXFileReference; explicitFileType = wrapper.cfbundle; includeInIndex = 0; path = MovieDBTests.xctest; sourceTree = BUILT_PRODUCTS_DIR; };
		FC314C0225FBDE87004ABBA3 /* MovieDBTests.swift */ = {isa = PBXFileReference; lastKnownFileType = sourcecode.swift; path = MovieDBTests.swift; sourceTree = "<group>"; };
		FC314C0425FBDE87004ABBA3 /* Info.plist */ = {isa = PBXFileReference; lastKnownFileType = text.plist.xml; path = Info.plist; sourceTree = "<group>"; };
		FC314C0925FBDE88004ABBA3 /* MovieDBUITests.xctest */ = {isa = PBXFileReference; explicitFileType = wrapper.cfbundle; includeInIndex = 0; path = MovieDBUITests.xctest; sourceTree = BUILT_PRODUCTS_DIR; };
		FC314C0D25FBDE88004ABBA3 /* MovieDBUITests.swift */ = {isa = PBXFileReference; lastKnownFileType = sourcecode.swift; path = MovieDBUITests.swift; sourceTree = "<group>"; };
		FC314C0F25FBDE88004ABBA3 /* Info.plist */ = {isa = PBXFileReference; lastKnownFileType = text.plist.xml; path = Info.plist; sourceTree = "<group>"; };
		FC314C2425FC4093004ABBA3 /* MoviewCVCell.swift */ = {isa = PBXFileReference; lastKnownFileType = sourcecode.swift; path = MoviewCVCell.swift; sourceTree = "<group>"; };
		FC314C2525FC4093004ABBA3 /* MoviewCVCell.xib */ = {isa = PBXFileReference; lastKnownFileType = file.xib; path = MoviewCVCell.xib; sourceTree = "<group>"; };
		FC314C2D25FC6580004ABBA3 /* APIClient.swift */ = {isa = PBXFileReference; fileEncoding = 4; lastKnownFileType = sourcecode.swift; path = APIClient.swift; sourceTree = "<group>"; };
		FC314C2F25FC6580004ABBA3 /* URLComponentExtensions.swift */ = {isa = PBXFileReference; fileEncoding = 4; lastKnownFileType = sourcecode.swift; path = URLComponentExtensions.swift; sourceTree = "<group>"; };
		FC314C3025FC6580004ABBA3 /* URLReuquestExtensions.swift */ = {isa = PBXFileReference; fileEncoding = 4; lastKnownFileType = sourcecode.swift; path = URLReuquestExtensions.swift; sourceTree = "<group>"; };
		FC314C3125FC6580004ABBA3 /* URLSessionExtensions.swift */ = {isa = PBXFileReference; fileEncoding = 4; lastKnownFileType = sourcecode.swift; path = URLSessionExtensions.swift; sourceTree = "<group>"; };
		FC314C3325FC6580004ABBA3 /* Service.swift */ = {isa = PBXFileReference; fileEncoding = 4; lastKnownFileType = sourcecode.swift; path = Service.swift; sourceTree = "<group>"; };
		FC314C3425FC6580004ABBA3 /* URLSessionProtocol.swift */ = {isa = PBXFileReference; fileEncoding = 4; lastKnownFileType = sourcecode.swift; path = URLSessionProtocol.swift; sourceTree = "<group>"; };
		FC314C3625FC6580004ABBA3 /* Typealias.swift */ = {isa = PBXFileReference; fileEncoding = 4; lastKnownFileType = sourcecode.swift; path = Typealias.swift; sourceTree = "<group>"; };
		FC314C3725FC6580004ABBA3 /* NetworkEnums.swift */ = {isa = PBXFileReference; fileEncoding = 4; lastKnownFileType = sourcecode.swift; path = NetworkEnums.swift; sourceTree = "<group>"; };
		FC314C3825FC6580004ABBA3 /* NetworkConstants.swift */ = {isa = PBXFileReference; fileEncoding = 4; lastKnownFileType = sourcecode.swift; path = NetworkConstants.swift; sourceTree = "<group>"; };
		FC314C4525FC66E3004ABBA3 /* NowPlayingAPI.swift */ = {isa = PBXFileReference; fileEncoding = 4; lastKnownFileType = sourcecode.swift; path = NowPlayingAPI.swift; sourceTree = "<group>"; };
		FC314C4B25FC6733004ABBA3 /* Movie.swift */ = {isa = PBXFileReference; fileEncoding = 4; lastKnownFileType = sourcecode.swift; path = Movie.swift; sourceTree = "<group>"; };
		FC314C4D25FC6733004ABBA3 /* NowPlayingResponse.swift */ = {isa = PBXFileReference; fileEncoding = 4; lastKnownFileType = sourcecode.swift; path = NowPlayingResponse.swift; sourceTree = "<group>"; };
		FC314C5825FC67D9004ABBA3 /* DictionaryExtensions.swift */ = {isa = PBXFileReference; fileEncoding = 4; lastKnownFileType = sourcecode.swift; path = DictionaryExtensions.swift; sourceTree = "<group>"; };
		FC314C6A25FC6CD8004ABBA3 /* NowPlayingViewModel.swift */ = {isa = PBXFileReference; fileEncoding = 4; lastKnownFileType = sourcecode.swift; path = NowPlayingViewModel.swift; sourceTree = "<group>"; };
		FC314C7325FDFAA1004ABBA3 /* MovieDetailViewController.swift */ = {isa = PBXFileReference; lastKnownFileType = sourcecode.swift; path = MovieDetailViewController.swift; sourceTree = "<group>"; };
		FC314C8125FE77BA004ABBA3 /* LoaderCollectionReusableView.swift */ = {isa = PBXFileReference; lastKnownFileType = sourcecode.swift; path = LoaderCollectionReusableView.swift; sourceTree = "<group>"; };
		FC314C8225FE77BA004ABBA3 /* LoaderCollectionReusableView.xib */ = {isa = PBXFileReference; lastKnownFileType = file.xib; path = LoaderCollectionReusableView.xib; sourceTree = "<group>"; };
/* End PBXFileReference section */

/* Begin PBXFrameworksBuildPhase section */
		FC314BE525FBDE81004ABBA3 /* Frameworks */ = {
			isa = PBXFrameworksBuildPhase;
			buildActionMask = 2147483647;
			files = (
			);
			runOnlyForDeploymentPostprocessing = 0;
		};
		FC314BFB25FBDE87004ABBA3 /* Frameworks */ = {
			isa = PBXFrameworksBuildPhase;
			buildActionMask = 2147483647;
			files = (
			);
			runOnlyForDeploymentPostprocessing = 0;
		};
		FC314C0625FBDE87004ABBA3 /* Frameworks */ = {
			isa = PBXFrameworksBuildPhase;
			buildActionMask = 2147483647;
			files = (
			);
			runOnlyForDeploymentPostprocessing = 0;
		};
/* End PBXFrameworksBuildPhase section */

/* Begin PBXGroup section */
		FC314BDF25FBDE80004ABBA3 = {
			isa = PBXGroup;
			children = (
				FC314BEA25FBDE81004ABBA3 /* MovieDB */,
				FC314C0125FBDE87004ABBA3 /* MovieDBTests */,
				FC314C0C25FBDE88004ABBA3 /* MovieDBUITests */,
				FC314BE925FBDE81004ABBA3 /* Products */,
			);
			sourceTree = "<group>";
		};
		FC314BE925FBDE81004ABBA3 /* Products */ = {
			isa = PBXGroup;
			children = (
				FC314BE825FBDE81004ABBA3 /* MovieDB.app */,
				FC314BFE25FBDE87004ABBA3 /* MovieDBTests.xctest */,
				FC314C0925FBDE88004ABBA3 /* MovieDBUITests.xctest */,
			);
			name = Products;
			sourceTree = "<group>";
		};
		FC314BEA25FBDE81004ABBA3 /* MovieDB */ = {
			isa = PBXGroup;
			children = (
				FC314C6825FC6CD8004ABBA3 /* ViewModel */,
				FC314C5725FC67D9004ABBA3 /* Extensions */,
				FC314C4A25FC6733004ABBA3 /* Model */,
				FC314C2C25FC6580004ABBA3 /* Network */,
				FC314C2225FC4048004ABBA3 /* Views */,
				FC314C2325FC4050004ABBA3 /* Cells */,
				FC314BEB25FBDE82004ABBA3 /* AppDelegate.swift */,
				FC314BED25FBDE82004ABBA3 /* SceneDelegate.swift */,
				FC314BEF25FBDE82004ABBA3 /* ViewController.swift */,
				FC314BF125FBDE82004ABBA3 /* Main.storyboard */,
				FC314BF425FBDE86004ABBA3 /* Assets.xcassets */,
				FC314BF625FBDE86004ABBA3 /* LaunchScreen.storyboard */,
				FC314BF925FBDE86004ABBA3 /* Info.plist */,
				FC314C7325FDFAA1004ABBA3 /* MovieDetailViewController.swift */,
			);
			path = MovieDB;
			sourceTree = "<group>";
		};
		FC314C0125FBDE87004ABBA3 /* MovieDBTests */ = {
			isa = PBXGroup;
			children = (
				FC314C0225FBDE87004ABBA3 /* MovieDBTests.swift */,
				FC314C0425FBDE87004ABBA3 /* Info.plist */,
			);
			path = MovieDBTests;
			sourceTree = "<group>";
		};
		FC314C0C25FBDE88004ABBA3 /* MovieDBUITests */ = {
			isa = PBXGroup;
			children = (
				FC314C0D25FBDE88004ABBA3 /* MovieDBUITests.swift */,
				FC314C0F25FBDE88004ABBA3 /* Info.plist */,
			);
			path = MovieDBUITests;
			sourceTree = "<group>";
		};
		FC314C2225FC4048004ABBA3 /* Views */ = {
			isa = PBXGroup;
			children = (
			);
			path = Views;
			sourceTree = "<group>";
		};
		FC314C2325FC4050004ABBA3 /* Cells */ = {
			isa = PBXGroup;
			children = (
				FC314C7825FE7717004ABBA3 /* Reuseview */,
				FC314C2425FC4093004ABBA3 /* MoviewCVCell.swift */,
				FC314C2525FC4093004ABBA3 /* MoviewCVCell.xib */,
			);
			path = Cells;
			sourceTree = "<group>";
		};
		FC314C2C25FC6580004ABBA3 /* Network */ = {
			isa = PBXGroup;
			children = (
				FC314C4525FC66E3004ABBA3 /* NowPlayingAPI.swift */,
				FC314C2D25FC6580004ABBA3 /* APIClient.swift */,
				FC314C2E25FC6580004ABBA3 /* Extensions */,
				FC314C3225FC6580004ABBA3 /* Protocols */,
				FC314C3525FC6580004ABBA3 /* Helpers */,
				FC314C3825FC6580004ABBA3 /* NetworkConstants.swift */,
			);
			path = Network;
			sourceTree = "<group>";
		};
		FC314C2E25FC6580004ABBA3 /* Extensions */ = {
			isa = PBXGroup;
			children = (
				FC314C2F25FC6580004ABBA3 /* URLComponentExtensions.swift */,
				FC314C3025FC6580004ABBA3 /* URLReuquestExtensions.swift */,
				FC314C3125FC6580004ABBA3 /* URLSessionExtensions.swift */,
			);
			path = Extensions;
			sourceTree = "<group>";
		};
		FC314C3225FC6580004ABBA3 /* Protocols */ = {
			isa = PBXGroup;
			children = (
				FC314C3325FC6580004ABBA3 /* Service.swift */,
				FC314C3425FC6580004ABBA3 /* URLSessionProtocol.swift */,
			);
			path = Protocols;
			sourceTree = "<group>";
		};
		FC314C3525FC6580004ABBA3 /* Helpers */ = {
			isa = PBXGroup;
			children = (
				FC314C3625FC6580004ABBA3 /* Typealias.swift */,
				FC314C3725FC6580004ABBA3 /* NetworkEnums.swift */,
			);
			path = Helpers;
			sourceTree = "<group>";
		};
		FC314C4A25FC6733004ABBA3 /* Model */ = {
			isa = PBXGroup;
			children = (
				FC314C4B25FC6733004ABBA3 /* Movie.swift */,
				FC314C4D25FC6733004ABBA3 /* NowPlayingResponse.swift */,
			);
			path = Model;
			sourceTree = "<group>";
		};
		FC314C5725FC67D9004ABBA3 /* Extensions */ = {
			isa = PBXGroup;
			children = (
				FC314C5825FC67D9004ABBA3 /* DictionaryExtensions.swift */,
			);
			path = Extensions;
			sourceTree = "<group>";
		};
		FC314C6825FC6CD8004ABBA3 /* ViewModel */ = {
			isa = PBXGroup;
			children = (
				FC314C6A25FC6CD8004ABBA3 /* NowPlayingViewModel.swift */,
			);
			path = ViewModel;
			sourceTree = "<group>";
		};
		FC314C7825FE7717004ABBA3 /* Reuseview */ = {
			isa = PBXGroup;
			children = (
				FC314C8125FE77BA004ABBA3 /* LoaderCollectionReusableView.swift */,
				FC314C8225FE77BA004ABBA3 /* LoaderCollectionReusableView.xib */,
			);
			path = Reuseview;
			sourceTree = "<group>";
		};
/* End PBXGroup section */

/* Begin PBXNativeTarget section */
		FC314BE725FBDE81004ABBA3 /* MovieDB */ = {
			isa = PBXNativeTarget;
			buildConfigurationList = FC314C1225FBDE88004ABBA3 /* Build configuration list for PBXNativeTarget "MovieDB" */;
			buildPhases = (
				FC314BE425FBDE81004ABBA3 /* Sources */,
				FC314BE525FBDE81004ABBA3 /* Frameworks */,
				FC314BE625FBDE81004ABBA3 /* Resources */,
			);
			buildRules = (
			);
			dependencies = (
			);
			name = MovieDB;
			productName = MovieDB;
			productReference = FC314BE825FBDE81004ABBA3 /* MovieDB.app */;
			productType = "com.apple.product-type.application";
		};
		FC314BFD25FBDE87004ABBA3 /* MovieDBTests */ = {
			isa = PBXNativeTarget;
			buildConfigurationList = FC314C1525FBDE88004ABBA3 /* Build configuration list for PBXNativeTarget "MovieDBTests" */;
			buildPhases = (
				FC314BFA25FBDE87004ABBA3 /* Sources */,
				FC314BFB25FBDE87004ABBA3 /* Frameworks */,
				FC314BFC25FBDE87004ABBA3 /* Resources */,
			);
			buildRules = (
			);
			dependencies = (
				FC314C0025FBDE87004ABBA3 /* PBXTargetDependency */,
			);
			name = MovieDBTests;
			productName = MovieDBTests;
			productReference = FC314BFE25FBDE87004ABBA3 /* MovieDBTests.xctest */;
			productType = "com.apple.product-type.bundle.unit-test";
		};
		FC314C0825FBDE87004ABBA3 /* MovieDBUITests */ = {
			isa = PBXNativeTarget;
			buildConfigurationList = FC314C1825FBDE88004ABBA3 /* Build configuration list for PBXNativeTarget "MovieDBUITests" */;
			buildPhases = (
				FC314C0525FBDE87004ABBA3 /* Sources */,
				FC314C0625FBDE87004ABBA3 /* Frameworks */,
				FC314C0725FBDE87004ABBA3 /* Resources */,
			);
			buildRules = (
			);
			dependencies = (
				FC314C0B25FBDE88004ABBA3 /* PBXTargetDependency */,
			);
			name = MovieDBUITests;
			productName = MovieDBUITests;
			productReference = FC314C0925FBDE88004ABBA3 /* MovieDBUITests.xctest */;
			productType = "com.apple.product-type.bundle.ui-testing";
		};
/* End PBXNativeTarget section */

/* Begin PBXProject section */
		FC314BE025FBDE80004ABBA3 /* Project object */ = {
			isa = PBXProject;
			attributes = {
				LastSwiftUpdateCheck = 1220;
				LastUpgradeCheck = 1220;
				TargetAttributes = {
					FC314BE725FBDE81004ABBA3 = {
						CreatedOnToolsVersion = 12.2;
					};
					FC314BFD25FBDE87004ABBA3 = {
						CreatedOnToolsVersion = 12.2;
						TestTargetID = FC314BE725FBDE81004ABBA3;
					};
					FC314C0825FBDE87004ABBA3 = {
						CreatedOnToolsVersion = 12.2;
						TestTargetID = FC314BE725FBDE81004ABBA3;
					};
				};
			};
			buildConfigurationList = FC314BE325FBDE80004ABBA3 /* Build configuration list for PBXProject "MovieDB" */;
			compatibilityVersion = "Xcode 9.3";
			developmentRegion = en;
			hasScannedForEncodings = 0;
			knownRegions = (
				en,
				Base,
			);
			mainGroup = FC314BDF25FBDE80004ABBA3;
			productRefGroup = FC314BE925FBDE81004ABBA3 /* Products */;
			projectDirPath = "";
			projectRoot = "";
			targets = (
				FC314BE725FBDE81004ABBA3 /* MovieDB */,
				FC314BFD25FBDE87004ABBA3 /* MovieDBTests */,
				FC314C0825FBDE87004ABBA3 /* MovieDBUITests */,
			);
		};
/* End PBXProject section */

/* Begin PBXResourcesBuildPhase section */
		FC314BE625FBDE81004ABBA3 /* Resources */ = {
			isa = PBXResourcesBuildPhase;
			buildActionMask = 2147483647;
			files = (
				FC314BF825FBDE86004ABBA3 /* LaunchScreen.storyboard in Resources */,
				FC314C2725FC4093004ABBA3 /* MoviewCVCell.xib in Resources */,
				FC314BF525FBDE86004ABBA3 /* Assets.xcassets in Resources */,
				FC314BF325FBDE82004ABBA3 /* Main.storyboard in Resources */,
				FC314C8425FE77BA004ABBA3 /* LoaderCollectionReusableView.xib in Resources */,
			);
			runOnlyForDeploymentPostprocessing = 0;
		};
		FC314BFC25FBDE87004ABBA3 /* Resources */ = {
			isa = PBXResourcesBuildPhase;
			buildActionMask = 2147483647;
			files = (
			);
			runOnlyForDeploymentPostprocessing = 0;
		};
		FC314C0725FBDE87004ABBA3 /* Resources */ = {
			isa = PBXResourcesBuildPhase;
			buildActionMask = 2147483647;
			files = (
			);
			runOnlyForDeploymentPostprocessing = 0;
		};
/* End PBXResourcesBuildPhase section */

/* Begin PBXSourcesBuildPhase section */
		FC314BE425FBDE81004ABBA3 /* Sources */ = {
			isa = PBXSourcesBuildPhase;
			buildActionMask = 2147483647;
			files = (
				FC314C4125FC6581004ABBA3 /* NetworkConstants.swift in Sources */,
				FC314C3E25FC6581004ABBA3 /* URLSessionProtocol.swift in Sources */,
				FC314C3F25FC6581004ABBA3 /* Typealias.swift in Sources */,
				FC314BF025FBDE82004ABBA3 /* ViewController.swift in Sources */,
				FC314C2625FC4093004ABBA3 /* MoviewCVCell.swift in Sources */,
				FC314BEC25FBDE82004ABBA3 /* AppDelegate.swift in Sources */,
				FC314C4625FC66E3004ABBA3 /* NowPlayingAPI.swift in Sources */,
				FC314C3925FC6581004ABBA3 /* APIClient.swift in Sources */,
				FC314C3C25FC6581004ABBA3 /* URLSessionExtensions.swift in Sources */,
				FC314C3D25FC6581004ABBA3 /* Service.swift in Sources */,
				FC314C8325FE77BA004ABBA3 /* LoaderCollectionReusableView.swift in Sources */,
				FC314C5A25FC67D9004ABBA3 /* DictionaryExtensions.swift in Sources */,
				FC314BEE25FBDE82004ABBA3 /* SceneDelegate.swift in Sources */,
				FC314C3B25FC6581004ABBA3 /* URLReuquestExtensions.swift in Sources */,
				FC314C7425FDFAA1004ABBA3 /* MovieDetailViewController.swift in Sources */,
				FC314C3A25FC6581004ABBA3 /* URLComponentExtensions.swift in Sources */,
				FC314C4025FC6581004ABBA3 /* NetworkEnums.swift in Sources */,
				FC314C4E25FC6733004ABBA3 /* Movie.swift in Sources */,
				FC314C5025FC6733004ABBA3 /* NowPlayingResponse.swift in Sources */,
				FC314C6C25FC6CD8004ABBA3 /* NowPlayingViewModel.swift in Sources */,
			);
			runOnlyForDeploymentPostprocessing = 0;
		};
		FC314BFA25FBDE87004ABBA3 /* Sources */ = {
			isa = PBXSourcesBuildPhase;
			buildActionMask = 2147483647;
			files = (
				FC314C0325FBDE87004ABBA3 /* MovieDBTests.swift in Sources */,
			);
			runOnlyForDeploymentPostprocessing = 0;
		};
		FC314C0525FBDE87004ABBA3 /* Sources */ = {
			isa = PBXSourcesBuildPhase;
			buildActionMask = 2147483647;
			files = (
				FC314C0E25FBDE88004ABBA3 /* MovieDBUITests.swift in Sources */,
			);
			runOnlyForDeploymentPostprocessing = 0;
		};
/* End PBXSourcesBuildPhase section */

/* Begin PBXTargetDependency section */
		FC314C0025FBDE87004ABBA3 /* PBXTargetDependency */ = {
			isa = PBXTargetDependency;
			target = FC314BE725FBDE81004ABBA3 /* MovieDB */;
			targetProxy = FC314BFF25FBDE87004ABBA3 /* PBXContainerItemProxy */;
		};
		FC314C0B25FBDE88004ABBA3 /* PBXTargetDependency */ = {
			isa = PBXTargetDependency;
			target = FC314BE725FBDE81004ABBA3 /* MovieDB */;
			targetProxy = FC314C0A25FBDE88004ABBA3 /* PBXContainerItemProxy */;
		};
/* End PBXTargetDependency section */

/* Begin PBXVariantGroup section */
		FC314BF125FBDE82004ABBA3 /* Main.storyboard */ = {
			isa = PBXVariantGroup;
			children = (
				FC314BF225FBDE82004ABBA3 /* Base */,
			);
			name = Main.storyboard;
			sourceTree = "<group>";
		};
		FC314BF625FBDE86004ABBA3 /* LaunchScreen.storyboard */ = {
			isa = PBXVariantGroup;
			children = (
				FC314BF725FBDE86004ABBA3 /* Base */,
			);
			name = LaunchScreen.storyboard;
			sourceTree = "<group>";
		};
/* End PBXVariantGroup section */

/* Begin XCBuildConfiguration section */
		FC314C1025FBDE88004ABBA3 /* Debug */ = {
			isa = XCBuildConfiguration;
			buildSettings = {
				ALWAYS_SEARCH_USER_PATHS = NO;
				CLANG_ANALYZER_NONNULL = YES;
				CLANG_ANALYZER_NUMBER_OBJECT_CONVERSION = YES_AGGRESSIVE;
				CLANG_CXX_LANGUAGE_STANDARD = "gnu++14";
				CLANG_CXX_LIBRARY = "libc++";
				CLANG_ENABLE_MODULES = YES;
				CLANG_ENABLE_OBJC_ARC = YES;
				CLANG_ENABLE_OBJC_WEAK = YES;
				CLANG_WARN_BLOCK_CAPTURE_AUTORELEASING = YES;
				CLANG_WARN_BOOL_CONVERSION = YES;
				CLANG_WARN_COMMA = YES;
				CLANG_WARN_CONSTANT_CONVERSION = YES;
				CLANG_WARN_DEPRECATED_OBJC_IMPLEMENTATIONS = YES;
				CLANG_WARN_DIRECT_OBJC_ISA_USAGE = YES_ERROR;
				CLANG_WARN_DOCUMENTATION_COMMENTS = YES;
				CLANG_WARN_EMPTY_BODY = YES;
				CLANG_WARN_ENUM_CONVERSION = YES;
				CLANG_WARN_INFINITE_RECURSION = YES;
				CLANG_WARN_INT_CONVERSION = YES;
				CLANG_WARN_NON_LITERAL_NULL_CONVERSION = YES;
				CLANG_WARN_OBJC_IMPLICIT_RETAIN_SELF = YES;
				CLANG_WARN_OBJC_LITERAL_CONVERSION = YES;
				CLANG_WARN_OBJC_ROOT_CLASS = YES_ERROR;
				CLANG_WARN_QUOTED_INCLUDE_IN_FRAMEWORK_HEADER = YES;
				CLANG_WARN_RANGE_LOOP_ANALYSIS = YES;
				CLANG_WARN_STRICT_PROTOTYPES = YES;
				CLANG_WARN_SUSPICIOUS_MOVE = YES;
				CLANG_WARN_UNGUARDED_AVAILABILITY = YES_AGGRESSIVE;
				CLANG_WARN_UNREACHABLE_CODE = YES;
				CLANG_WARN__DUPLICATE_METHOD_MATCH = YES;
				COPY_PHASE_STRIP = NO;
				DEBUG_INFORMATION_FORMAT = dwarf;
				ENABLE_STRICT_OBJC_MSGSEND = YES;
				ENABLE_TESTABILITY = YES;
				GCC_C_LANGUAGE_STANDARD = gnu11;
				GCC_DYNAMIC_NO_PIC = NO;
				GCC_NO_COMMON_BLOCKS = YES;
				GCC_OPTIMIZATION_LEVEL = 0;
				GCC_PREPROCESSOR_DEFINITIONS = (
					"DEBUG=1",
					"$(inherited)",
				);
				GCC_WARN_64_TO_32_BIT_CONVERSION = YES;
				GCC_WARN_ABOUT_RETURN_TYPE = YES_ERROR;
				GCC_WARN_UNDECLARED_SELECTOR = YES;
				GCC_WARN_UNINITIALIZED_AUTOS = YES_AGGRESSIVE;
				GCC_WARN_UNUSED_FUNCTION = YES;
				GCC_WARN_UNUSED_VARIABLE = YES;
				IPHONEOS_DEPLOYMENT_TARGET = 14.2;
				MTL_ENABLE_DEBUG_INFO = INCLUDE_SOURCE;
				MTL_FAST_MATH = YES;
				ONLY_ACTIVE_ARCH = YES;
				SDKROOT = iphoneos;
				SWIFT_ACTIVE_COMPILATION_CONDITIONS = DEBUG;
				SWIFT_OPTIMIZATION_LEVEL = "-Onone";
			};
			name = Debug;
		};
		FC314C1125FBDE88004ABBA3 /* Release */ = {
			isa = XCBuildConfiguration;
			buildSettings = {
				ALWAYS_SEARCH_USER_PATHS = NO;
				CLANG_ANALYZER_NONNULL = YES;
				CLANG_ANALYZER_NUMBER_OBJECT_CONVERSION = YES_AGGRESSIVE;
				CLANG_CXX_LANGUAGE_STANDARD = "gnu++14";
				CLANG_CXX_LIBRARY = "libc++";
				CLANG_ENABLE_MODULES = YES;
				CLANG_ENABLE_OBJC_ARC = YES;
				CLANG_ENABLE_OBJC_WEAK = YES;
				CLANG_WARN_BLOCK_CAPTURE_AUTORELEASING = YES;
				CLANG_WARN_BOOL_CONVERSION = YES;
				CLANG_WARN_COMMA = YES;
				CLANG_WARN_CONSTANT_CONVERSION = YES;
				CLANG_WARN_DEPRECATED_OBJC_IMPLEMENTATIONS = YES;
				CLANG_WARN_DIRECT_OBJC_ISA_USAGE = YES_ERROR;
				CLANG_WARN_DOCUMENTATION_COMMENTS = YES;
				CLANG_WARN_EMPTY_BODY = YES;
				CLANG_WARN_ENUM_CONVERSION = YES;
				CLANG_WARN_INFINITE_RECURSION = YES;
				CLANG_WARN_INT_CONVERSION = YES;
				CLANG_WARN_NON_LITERAL_NULL_CONVERSION = YES;
				CLANG_WARN_OBJC_IMPLICIT_RETAIN_SELF = YES;
				CLANG_WARN_OBJC_LITERAL_CONVERSION = YES;
				CLANG_WARN_OBJC_ROOT_CLASS = YES_ERROR;
				CLANG_WARN_QUOTED_INCLUDE_IN_FRAMEWORK_HEADER = YES;
				CLANG_WARN_RANGE_LOOP_ANALYSIS = YES;
				CLANG_WARN_STRICT_PROTOTYPES = YES;
				CLANG_WARN_SUSPICIOUS_MOVE = YES;
				CLANG_WARN_UNGUARDED_AVAILABILITY = YES_AGGRESSIVE;
				CLANG_WARN_UNREACHABLE_CODE = YES;
				CLANG_WARN__DUPLICATE_METHOD_MATCH = YES;
				COPY_PHASE_STRIP = NO;
				DEBUG_INFORMATION_FORMAT = "dwarf-with-dsym";
				ENABLE_NS_ASSERTIONS = NO;
				ENABLE_STRICT_OBJC_MSGSEND = YES;
				GCC_C_LANGUAGE_STANDARD = gnu11;
				GCC_NO_COMMON_BLOCKS = YES;
				GCC_WARN_64_TO_32_BIT_CONVERSION = YES;
				GCC_WARN_ABOUT_RETURN_TYPE = YES_ERROR;
				GCC_WARN_UNDECLARED_SELECTOR = YES;
				GCC_WARN_UNINITIALIZED_AUTOS = YES_AGGRESSIVE;
				GCC_WARN_UNUSED_FUNCTION = YES;
				GCC_WARN_UNUSED_VARIABLE = YES;
				IPHONEOS_DEPLOYMENT_TARGET = 14.2;
				MTL_ENABLE_DEBUG_INFO = NO;
				MTL_FAST_MATH = YES;
				SDKROOT = iphoneos;
				SWIFT_COMPILATION_MODE = wholemodule;
				SWIFT_OPTIMIZATION_LEVEL = "-O";
				VALIDATE_PRODUCT = YES;
			};
			name = Release;
		};
		FC314C1325FBDE88004ABBA3 /* Debug */ = {
			isa = XCBuildConfiguration;
			buildSettings = {
				ASSETCATALOG_COMPILER_APPICON_NAME = AppIcon;
				ASSETCATALOG_COMPILER_GLOBAL_ACCENT_COLOR_NAME = AccentColor;
				CODE_SIGN_STYLE = Automatic;
				DEVELOPMENT_TEAM = 35J535SN4U;
				INFOPLIST_FILE = MovieDB/Info.plist;
				LD_RUNPATH_SEARCH_PATHS = (
					"$(inherited)",
					"@executable_path/Frameworks",
				);
				PRODUCT_BUNDLE_IDENTIFIER = com.rahul.MovieDB;
				PRODUCT_NAME = "$(TARGET_NAME)";
				SWIFT_VERSION = 5.0;
				TARGETED_DEVICE_FAMILY = "1,2";
			};
			name = Debug;
		};
		FC314C1425FBDE88004ABBA3 /* Release */ = {
			isa = XCBuildConfiguration;
			buildSettings = {
				ASSETCATALOG_COMPILER_APPICON_NAME = AppIcon;
				ASSETCATALOG_COMPILER_GLOBAL_ACCENT_COLOR_NAME = AccentColor;
				CODE_SIGN_STYLE = Automatic;
				DEVELOPMENT_TEAM = 35J535SN4U;
				INFOPLIST_FILE = MovieDB/Info.plist;
				LD_RUNPATH_SEARCH_PATHS = (
					"$(inherited)",
					"@executable_path/Frameworks",
				);
				PRODUCT_BUNDLE_IDENTIFIER = com.rahul.MovieDB;
				PRODUCT_NAME = "$(TARGET_NAME)";
				SWIFT_VERSION = 5.0;
				TARGETED_DEVICE_FAMILY = "1,2";
			};
			name = Release;
		};
		FC314C1625FBDE88004ABBA3 /* Debug */ = {
			isa = XCBuildConfiguration;
			buildSettings = {
				ALWAYS_EMBED_SWIFT_STANDARD_LIBRARIES = YES;
				BUNDLE_LOADER = "$(TEST_HOST)";
				CODE_SIGN_STYLE = Automatic;
				DEVELOPMENT_TEAM = 35J535SN4U;
				INFOPLIST_FILE = MovieDBTests/Info.plist;
				IPHONEOS_DEPLOYMENT_TARGET = 14.2;
				LD_RUNPATH_SEARCH_PATHS = (
					"$(inherited)",
					"@executable_path/Frameworks",
					"@loader_path/Frameworks",
				);
				PRODUCT_BUNDLE_IDENTIFIER = com.rahul.MovieDBTests;
				PRODUCT_NAME = "$(TARGET_NAME)";
				SWIFT_VERSION = 5.0;
				TARGETED_DEVICE_FAMILY = "1,2";
				TEST_HOST = "$(BUILT_PRODUCTS_DIR)/MovieDB.app/MovieDB";
			};
			name = Debug;
		};
		FC314C1725FBDE88004ABBA3 /* Release */ = {
			isa = XCBuildConfiguration;
			buildSettings = {
				ALWAYS_EMBED_SWIFT_STANDARD_LIBRARIES = YES;
				BUNDLE_LOADER = "$(TEST_HOST)";
				CODE_SIGN_STYLE = Automatic;
				DEVELOPMENT_TEAM = 35J535SN4U;
				INFOPLIST_FILE = MovieDBTests/Info.plist;
				IPHONEOS_DEPLOYMENT_TARGET = 14.2;
				LD_RUNPATH_SEARCH_PATHS = (
					"$(inherited)",
					"@executable_path/Frameworks",
					"@loader_path/Frameworks",
				);
				PRODUCT_BUNDLE_IDENTIFIER = com.rahul.MovieDBTests;
				PRODUCT_NAME = "$(TARGET_NAME)";
				SWIFT_VERSION = 5.0;
				TARGETED_DEVICE_FAMILY = "1,2";
				TEST_HOST = "$(BUILT_PRODUCTS_DIR)/MovieDB.app/MovieDB";
			};
			name = Release;
		};
		FC314C1925FBDE88004ABBA3 /* Debug */ = {
			isa = XCBuildConfiguration;
			buildSettings = {
				ALWAYS_EMBED_SWIFT_STANDARD_LIBRARIES = YES;
				CODE_SIGN_STYLE = Automatic;
				DEVELOPMENT_TEAM = 35J535SN4U;
				INFOPLIST_FILE = MovieDBUITests/Info.plist;
				LD_RUNPATH_SEARCH_PATHS = (
					"$(inherited)",
					"@executable_path/Frameworks",
					"@loader_path/Frameworks",
				);
				PRODUCT_BUNDLE_IDENTIFIER = com.rahul.MovieDBUITests;
				PRODUCT_NAME = "$(TARGET_NAME)";
				SWIFT_VERSION = 5.0;
				TARGETED_DEVICE_FAMILY = "1,2";
				TEST_TARGET_NAME = MovieDB;
			};
			name = Debug;
		};
		FC314C1A25FBDE88004ABBA3 /* Release */ = {
			isa = XCBuildConfiguration;
			buildSettings = {
				ALWAYS_EMBED_SWIFT_STANDARD_LIBRARIES = YES;
				CODE_SIGN_STYLE = Automatic;
				DEVELOPMENT_TEAM = 35J535SN4U;
				INFOPLIST_FILE = MovieDBUITests/Info.plist;
				LD_RUNPATH_SEARCH_PATHS = (
					"$(inherited)",
					"@executable_path/Frameworks",
					"@loader_path/Frameworks",
				);
				PRODUCT_BUNDLE_IDENTIFIER = com.rahul.MovieDBUITests;
				PRODUCT_NAME = "$(TARGET_NAME)";
				SWIFT_VERSION = 5.0;
				TARGETED_DEVICE_FAMILY = "1,2";
				TEST_TARGET_NAME = MovieDB;
			};
			name = Release;
		};
/* End XCBuildConfiguration section */

/* Begin XCConfigurationList section */
		FC314BE325FBDE80004ABBA3 /* Build configuration list for PBXProject "MovieDB" */ = {
			isa = XCConfigurationList;
			buildConfigurations = (
				FC314C1025FBDE88004ABBA3 /* Debug */,
				FC314C1125FBDE88004ABBA3 /* Release */,
			);
			defaultConfigurationIsVisible = 0;
			defaultConfigurationName = Release;
		};
		FC314C1225FBDE88004ABBA3 /* Build configuration list for PBXNativeTarget "MovieDB" */ = {
			isa = XCConfigurationList;
			buildConfigurations = (
				FC314C1325FBDE88004ABBA3 /* Debug */,
				FC314C1425FBDE88004ABBA3 /* Release */,
			);
			defaultConfigurationIsVisible = 0;
			defaultConfigurationName = Release;
		};
		FC314C1525FBDE88004ABBA3 /* Build configuration list for PBXNativeTarget "MovieDBTests" */ = {
			isa = XCConfigurationList;
			buildConfigurations = (
				FC314C1625FBDE88004ABBA3 /* Debug */,
				FC314C1725FBDE88004ABBA3 /* Release */,
			);
			defaultConfigurationIsVisible = 0;
			defaultConfigurationName = Release;
		};
		FC314C1825FBDE88004ABBA3 /* Build configuration list for PBXNativeTarget "MovieDBUITests" */ = {
			isa = XCConfigurationList;
			buildConfigurations = (
				FC314C1925FBDE88004ABBA3 /* Debug */,
				FC314C1A25FBDE88004ABBA3 /* Release */,
			);
			defaultConfigurationIsVisible = 0;
			defaultConfigurationName = Release;
		};
/* End XCConfigurationList section */
	};
	rootObject = FC314BE025FBDE80004ABBA3 /* Project object */;
}
